{
  "nodes": {
    "flake-compatish": {
      "locked": {
        "lastModified": 1783984082,
        "narHash": "sha256-A7Xl565OqEU7VCqq1hEBw5AzOTicFttZggJnA17tpSU=",
        "owner": "lillecarl",
        "repo": "flake-compatish",
        "rev": "30cb7674c79484293588da00f39e6cd5eb36865c",
        "type": "github"
      },
      "original": {
        "owner": "lillecarl",
        "repo": "flake-compatish",
        "type": "github"
      }
    },
    "nixpkgs": {
      "locked": {
        "lastModified": 1784120854,
        "narHash": "sha256-KesHgItiZPgGX740axSiQLcIQ8D24MDqNpkKYWIek8k=",
        "owner": "nixos",
        "repo": "nixpkgs",
        "rev": "753cc8a3a87467296ddd1fa93f0cc3e81120ee46",
        "type": "github"
      },
      "original": {
        "owner": "nixos",
        "ref": "nixos-unstable",
        "repo": "nixpkgs",
        "type": "github"
      }
    },
    "root": {
      "inputs": {
        "flake-compatish": "flake-compatish",
        "nixpkgs": "nixpkgs"
      }
    }
  },
  "root": "root",
  "version": 7
}
